
Microsoft Visual Studio Solution File, Format Version 12.00
# Visual Studio Version 16
VisualStudioVersion = 16.0.30621.155
MinimumVisualStudioVersion = 10.0.40219.1
Project("{FAE04EC0-301F-11D3-BF4B-00C04F79EFBC}") = "EngagerMobile.Mariteam.Android", "EngagerMobile.Mariteam\EngagerMobile.Mariteam.Android\EngagerMobile.Mariteam.Android.csproj", "{243BB10A-5EE4-448C-A3EB-1D198665173B}"
EndProject
Project("{FAE04EC0-301F-11D3-BF4B-00C04F79EFBC}") = "EngagerMobile.Mariteam.iOS", "EngagerMobile.Mariteam\EngagerMobile.Mariteam.iOS\EngagerMobile.Mariteam.iOS.csproj", "{4A9B9C0D-05F0-4F32-96D4-9814D91E456B}"
EndProject
Project("{9A19103F-16F7-4668-BE54-9A1E7A4F7556}") = "EngagerMobile.Mariteam", "EngagerMobile.Mariteam\EngagerMobile.Mariteam\EngagerMobile.Mariteam.csproj", "{4D8A1B8A-2DC4-4E92-B7E3-4C3AF938D59E}"
EndProject
Project("{9A19103F-16F7-4668-BE54-9A1E7A4F7556}") = "EngagerMobile.Mariteam.Common", "EngagerMobile.Mariteam.Common\EngagerMobile.Mariteam.Common.csproj", "{13309DE9-0B25-4AA8-A925-69D3DC28FA07}"
EndProject
Project("{9A19103F-16F7-4668-BE54-9A1E7A4F7556}") = "EngagerMobile.Mariteam.ApplicationCore", "EngagerMobile.Mariteam.ApplicationCore\EngagerMobile.Mariteam.ApplicationCore.csproj", "{FE83C454-E7F8-4B83-A546-81E928025485}"
EndProject
Project("{9A19103F-16F7-4668-BE54-9A1E7A4F7556}") = "EngagerMobile.Mariteam.Services", "EngagerMobile.Mariteam.Services\EngagerMobile.Mariteam.Services.csproj", "{EE695FC2-7CC3-4B13-A5FB-4E1E3F269226}"
EndProject
Global
	GlobalSection(SolutionConfigurationPlatforms) = preSolution
		Ad-Hoc|Any CPU = Ad-Hoc|Any CPU
		Ad-Hoc|iPhone = Ad-Hoc|iPhone
		Ad-Hoc|iPhoneSimulator = Ad-Hoc|iPhoneSimulator
		AppStore|Any CPU = AppStore|Any CPU
		AppStore|iPhone = AppStore|iPhone
		AppStore|iPhoneSimulator = AppStore|iPhoneSimulator
		Debug|Any CPU = Debug|Any CPU
		Debug|iPhone = Debug|iPhone
		Debug|iPhoneSimulator = Debug|iPhoneSimulator
		Release|Any CPU = Release|Any CPU
		Release|iPhone = Release|iPhone
		Release|iPhoneSimulator = Release|iPhoneSimulator
	EndGlobalSection
	GlobalSection(ProjectConfigurationPlatforms) = postSolution
		{243BB10A-5EE4-448C-A3EB-1D198665173B}.Ad-Hoc|Any CPU.ActiveCfg = Release|Any CPU
		{243BB10A-5EE4-448C-A3EB-1D198665173B}.Ad-Hoc|Any CPU.Build.0 = Release|Any CPU
		{243BB10A-5EE4-448C-A3EB-1D198665173B}.Ad-Hoc|Any CPU.Deploy.0 = Release|Any CPU
		{243BB10A-5EE4-448C-A3EB-1D198665173B}.Ad-Hoc|iPhone.ActiveCfg = Release|Any CPU
		{243BB10A-5EE4-448C-A3EB-1D198665173B}.Ad-Hoc|iPhone.Build.0 = Release|Any CPU
		{243BB10A-5EE4-448C-A3EB-1D198665173B}.Ad-Hoc|iPhone.Deploy.0 = Release|Any CPU
		{243BB10A-5EE4-448C-A3EB-1D198665173B}.Ad-Hoc|iPhoneSimulator.ActiveCfg = Release|Any CPU
		{243BB10A-5EE4-448C-A3EB-1D198665173B}.Ad-Hoc|iPhoneSimulator.Build.0 = Release|Any CPU
		{243BB10A-5EE4-448C-A3EB-1D198665173B}.Ad-Hoc|iPhoneSimulator.Deploy.0 = Release|Any CPU
		{243BB10A-5EE4-448C-A3EB-1D198665173B}.AppStore|Any CPU.ActiveCfg = Release|Any CPU
		{243BB10A-5EE4-448C-A3EB-1D198665173B}.AppStore|Any CPU.Build.0 = Release|Any CPU
		{243BB10A-5EE4-448C-A3EB-1D198665173B}.AppStore|Any CPU.Deploy.0 = Release|Any CPU
		{243BB10A-5EE4-448C-A3EB-1D198665173B}.AppStore|iPhone.ActiveCfg = Release|Any CPU
		{243BB10A-5EE4-448C-A3EB-1D198665173B}.AppStore|iPhone.Build.0 = Release|Any CPU
		{243BB10A-5EE4-448C-A3EB-1D198665173B}.AppStore|iPhone.Deploy.0 = Release|Any CPU
		{243BB10A-5EE4-448C-A3EB-1D198665173B}.AppStore|iPhoneSimulator.ActiveCfg = Release|Any CPU
		{243BB10A-5EE4-448C-A3EB-1D198665173B}.AppStore|iPhoneSimulator.Build.0 = Release|Any CPU
		{243BB10A-5EE4-448C-A3EB-1D198665173B}.AppStore|iPhoneSimulator.Deploy.0 = Release|Any CPU
		{243BB10A-5EE4-448C-A3EB-1D198665173B}.Debug|Any CPU.ActiveCfg = Debug|Any CPU
		{243BB10A-5EE4-448C-A3EB-1D198665173B}.Debug|Any CPU.Build.0 = Debug|Any CPU
		{243BB10A-5EE4-448C-A3EB-1D198665173B}.Debug|Any CPU.Deploy.0 = Debug|Any CPU
		{243BB10A-5EE4-448C-A3EB-1D198665173B}.Debug|iPhone.ActiveCfg = Debug|Any CPU
		{243BB10A-5EE4-448C-A3EB-1D198665173B}.Debug|iPhone.Build.0 = Debug|Any CPU
		{243BB10A-5EE4-448C-A3EB-1D198665173B}.Debug|iPhone.Deploy.0 = Debug|Any CPU
		{243BB10A-5EE4-448C-A3EB-1D198665173B}.Debug|iPhoneSimulator.ActiveCfg = Debug|Any CPU
		{243BB10A-5EE4-448C-A3EB-1D198665173B}.Debug|iPhoneSimulator.Build.0 = Debug|Any CPU
		{243BB10A-5EE4-448C-A3EB-1D198665173B}.Debug|iPhoneSimulator.Deploy.0 = Debug|Any CPU
		{243BB10A-5EE4-448C-A3EB-1D198665173B}.Release|Any CPU.ActiveCfg = Release|Any CPU
		{243BB10A-5EE4-448C-A3EB-1D198665173B}.Release|Any CPU.Build.0 = Release|Any CPU
		{243BB10A-5EE4-448C-A3EB-1D198665173B}.Release|Any CPU.Deploy.0 = Release|Any CPU
		{243BB10A-5EE4-448C-A3EB-1D198665173B}.Release|iPhone.ActiveCfg = Release|Any CPU
		{243BB10A-5EE4-448C-A3EB-1D198665173B}.Release|iPhone.Build.0 = Release|Any CPU
		{243BB10A-5EE4-448C-A3EB-1D198665173B}.Release|iPhone.Deploy.0 = Release|Any CPU
		{243BB10A-5EE4-448C-A3EB-1D198665173B}.Release|iPhoneSimulator.ActiveCfg = Release|Any CPU
		{243BB10A-5EE4-448C-A3EB-1D198665173B}.Release|iPhoneSimulator.Build.0 = Release|Any CPU
		{243BB10A-5EE4-448C-A3EB-1D198665173B}.Release|iPhoneSimulator.Deploy.0 = Release|Any CPU
		{4A9B9C0D-05F0-4F32-96D4-9814D91E456B}.Ad-Hoc|Any CPU.ActiveCfg = Ad-Hoc|iPhone
		{4A9B9C0D-05F0-4F32-96D4-9814D91E456B}.Ad-Hoc|iPhone.ActiveCfg = Ad-Hoc|iPhone
		{4A9B9C0D-05F0-4F32-96D4-9814D91E456B}.Ad-Hoc|iPhone.Build.0 = Ad-Hoc|iPhone
		{4A9B9C0D-05F0-4F32-96D4-9814D91E456B}.Ad-Hoc|iPhoneSimulator.ActiveCfg = Ad-Hoc|iPhoneSimulator
		{4A9B9C0D-05F0-4F32-96D4-9814D91E456B}.Ad-Hoc|iPhoneSimulator.Build.0 = Ad-Hoc|iPhoneSimulator
		{4A9B9C0D-05F0-4F32-96D4-9814D91E456B}.AppStore|Any CPU.ActiveCfg = AppStore|iPhone
		{4A9B9C0D-05F0-4F32-96D4-9814D91E456B}.AppStore|iPhone.ActiveCfg = AppStore|iPhone
		{4A9B9C0D-05F0-4F32-96D4-9814D91E456B}.AppStore|iPhone.Build.0 = AppStore|iPhone
		{4A9B9C0D-05F0-4F32-96D4-9814D91E456B}.AppStore|iPhoneSimulator.ActiveCfg = AppStore|iPhoneSimulator
		{4A9B9C0D-05F0-4F32-96D4-9814D91E456B}.AppStore|iPhoneSimulator.Build.0 = AppStore|iPhoneSimulator
		{4A9B9C0D-05F0-4F32-96D4-9814D91E456B}.Debug|Any CPU.ActiveCfg = Debug|iPhone
		{4A9B9C0D-05F0-4F32-96D4-9814D91E456B}.Debug|iPhone.ActiveCfg = Debug|iPhone
		{4A9B9C0D-05F0-4F32-96D4-9814D91E456B}.Debug|iPhone.Build.0 = Debug|iPhone
		{4A9B9C0D-05F0-4F32-96D4-9814D91E456B}.Debug|iPhoneSimulator.ActiveCfg = Debug|iPhoneSimulator
		{4A9B9C0D-05F0-4F32-96D4-9814D91E456B}.Debug|iPhoneSimulator.Build.0 = Debug|iPhoneSimulator
		{4A9B9C0D-05F0-4F32-96D4-9814D91E456B}.Release|Any CPU.ActiveCfg = Release|iPhone
		{4A9B9C0D-05F0-4F32-96D4-9814D91E456B}.Release|iPhone.ActiveCfg = Release|iPhone
		{4A9B9C0D-05F0-4F32-96D4-9814D91E456B}.Release|iPhone.Build.0 = Release|iPhone
		{4A9B9C0D-05F0-4F32-96D4-9814D91E456B}.Release|iPhoneSimulator.ActiveCfg = Release|iPhoneSimulator
		{4A9B9C0D-05F0-4F32-96D4-9814D91E456B}.Release|iPhoneSimulator.Build.0 = Release|iPhoneSimulator
		{4D8A1B8A-2DC4-4E92-B7E3-4C3AF938D59E}.Ad-Hoc|Any CPU.ActiveCfg = Debug|Any CPU
		{4D8A1B8A-2DC4-4E92-B7E3-4C3AF938D59E}.Ad-Hoc|Any CPU.Build.0 = Debug|Any CPU
		{4D8A1B8A-2DC4-4E92-B7E3-4C3AF938D59E}.Ad-Hoc|iPhone.ActiveCfg = Debug|Any CPU
		{4D8A1B8A-2DC4-4E92-B7E3-4C3AF938D59E}.Ad-Hoc|iPhone.Build.0 = Debug|Any CPU
		{4D8A1B8A-2DC4-4E92-B7E3-4C3AF938D59E}.Ad-Hoc|iPhoneSimulator.ActiveCfg = Debug|Any CPU
		{4D8A1B8A-2DC4-4E92-B7E3-4C3AF938D59E}.Ad-Hoc|iPhoneSimulator.Build.0 = Debug|Any CPU
		{4D8A1B8A-2DC4-4E92-B7E3-4C3AF938D59E}.AppStore|Any CPU.ActiveCfg = Debug|Any CPU
		{4D8A1B8A-2DC4-4E92-B7E3-4C3AF938D59E}.AppStore|Any CPU.Build.0 = Debug|Any CPU
		{4D8A1B8A-2DC4-4E92-B7E3-4C3AF938D59E}.AppStore|iPhone.ActiveCfg = Debug|Any CPU
		{4D8A1B8A-2DC4-4E92-B7E3-4C3AF938D59E}.AppStore|iPhone.Build.0 = Debug|Any CPU
		{4D8A1B8A-2DC4-4E92-B7E3-4C3AF938D59E}.AppStore|iPhoneSimulator.ActiveCfg = Debug|Any CPU
		{4D8A1B8A-2DC4-4E92-B7E3-4C3AF938D59E}.AppStore|iPhoneSimulator.Build.0 = Debug|Any CPU
		{4D8A1B8A-2DC4-4E92-B7E3-4C3AF938D59E}.Debug|Any CPU.ActiveCfg = Debug|Any CPU
		{4D8A1B8A-2DC4-4E92-B7E3-4C3AF938D59E}.Debug|Any CPU.Build.0 = Debug|Any CPU
		{4D8A1B8A-2DC4-4E92-B7E3-4C3AF938D59E}.Debug|iPhone.ActiveCfg = Debug|Any CPU
		{4D8A1B8A-2DC4-4E92-B7E3-4C3AF938D59E}.Debug|iPhone.Build.0 = Debug|Any CPU
		{4D8A1B8A-2DC4-4E92-B7E3-4C3AF938D59E}.Debug|iPhoneSimulator.ActiveCfg = Debug|Any CPU
		{4D8A1B8A-2DC4-4E92-B7E3-4C3AF938D59E}.Debug|iPhoneSimulator.Build.0 = Debug|Any CPU
		{4D8A1B8A-2DC4-4E92-B7E3-4C3AF938D59E}.Release|Any CPU.ActiveCfg = Release|Any CPU
		{4D8A1B8A-2DC4-4E92-B7E3-4C3AF938D59E}.Release|Any CPU.Build.0 = Release|Any CPU
		{4D8A1B8A-2DC4-4E92-B7E3-4C3AF938D59E}.Release|iPhone.ActiveCfg = Release|Any CPU
		{4D8A1B8A-2DC4-4E92-B7E3-4C3AF938D59E}.Release|iPhone.Build.0 = Release|Any CPU
		{4D8A1B8A-2DC4-4E92-B7E3-4C3AF938D59E}.Release|iPhoneSimulator.ActiveCfg = Release|Any CPU
		{4D8A1B8A-2DC4-4E92-B7E3-4C3AF938D59E}.Release|iPhoneSimulator.Build.0 = Release|Any CPU
		{13309DE9-0B25-4AA8-A925-69D3DC28FA07}.Ad-Hoc|Any CPU.ActiveCfg = Debug|Any CPU
		{13309DE9-0B25-4AA8-A925-69D3DC28FA07}.Ad-Hoc|Any CPU.Build.0 = Debug|Any CPU
		{13309DE9-0B25-4AA8-A925-69D3DC28FA07}.Ad-Hoc|iPhone.ActiveCfg = Debug|Any CPU
		{13309DE9-0B25-4AA8-A925-69D3DC28FA07}.Ad-Hoc|iPhone.Build.0 = Debug|Any CPU
		{13309DE9-0B25-4AA8-A925-69D3DC28FA07}.Ad-Hoc|iPhoneSimulator.ActiveCfg = Debug|Any CPU
		{13309DE9-0B25-4AA8-A925-69D3DC28FA07}.Ad-Hoc|iPhoneSimulator.Build.0 = Debug|Any CPU
		{13309DE9-0B25-4AA8-A925-69D3DC28FA07}.AppStore|Any CPU.ActiveCfg = Debug|Any CPU
		{13309DE9-0B25-4AA8-A925-69D3DC28FA07}.AppStore|Any CPU.Build.0 = Debug|Any CPU
		{13309DE9-0B25-4AA8-A925-69D3DC28FA07}.AppStore|iPhone.ActiveCfg = Debug|Any CPU
		{13309DE9-0B25-4AA8-A925-69D3DC28FA07}.AppStore|iPhone.Build.0 = Debug|Any CPU
		{13309DE9-0B25-4AA8-A925-69D3DC28FA07}.AppStore|iPhoneSimulator.ActiveCfg = Debug|Any CPU
		{13309DE9-0B25-4AA8-A925-69D3DC28FA07}.AppStore|iPhoneSimulator.Build.0 = Debug|Any CPU
		{13309DE9-0B25-4AA8-A925-69D3DC28FA07}.Debug|Any CPU.ActiveCfg = Debug|Any CPU
		{13309DE9-0B25-4AA8-A925-69D3DC28FA07}.Debug|Any CPU.Build.0 = Debug|Any CPU
		{13309DE9-0B25-4AA8-A925-69D3DC28FA07}.Debug|iPhone.ActiveCfg = Debug|Any CPU
		{13309DE9-0B25-4AA8-A925-69D3DC28FA07}.Debug|iPhone.Build.0 = Debug|Any CPU
		{13309DE9-0B25-4AA8-A925-69D3DC28FA07}.Debug|iPhoneSimulator.ActiveCfg = Debug|Any CPU
		{13309DE9-0B25-4AA8-A925-69D3DC28FA07}.Debug|iPhoneSimulator.Build.0 = Debug|Any CPU
		{13309DE9-0B25-4AA8-A925-69D3DC28FA07}.Release|Any CPU.ActiveCfg = Release|Any CPU
		{13309DE9-0B25-4AA8-A925-69D3DC28FA07}.Release|Any CPU.Build.0 = Release|Any CPU
		{13309DE9-0B25-4AA8-A925-69D3DC28FA07}.Release|iPhone.ActiveCfg = Release|Any CPU
		{13309DE9-0B25-4AA8-A925-69D3DC28FA07}.Release|iPhone.Build.0 = Release|Any CPU
		{13309DE9-0B25-4AA8-A925-69D3DC28FA07}.Release|iPhoneSimulator.ActiveCfg = Release|Any CPU
		{13309DE9-0B25-4AA8-A925-69D3DC28FA07}.Release|iPhoneSimulator.Build.0 = Release|Any CPU
		{FE83C454-E7F8-4B83-A546-81E928025485}.Ad-Hoc|Any CPU.ActiveCfg = Debug|Any CPU
		{FE83C454-E7F8-4B83-A546-81E928025485}.Ad-Hoc|Any CPU.Build.0 = Debug|Any CPU
		{FE83C454-E7F8-4B83-A546-81E928025485}.Ad-Hoc|iPhone.ActiveCfg = Debug|Any CPU
		{FE83C454-E7F8-4B83-A546-81E928025485}.Ad-Hoc|iPhone.Build.0 = Debug|Any CPU
		{FE83C454-E7F8-4B83-A546-81E928025485}.Ad-Hoc|iPhoneSimulator.ActiveCfg = Debug|Any CPU
		{FE83C454-E7F8-4B83-A546-81E928025485}.Ad-Hoc|iPhoneSimulator.Build.0 = Debug|Any CPU
		{FE83C454-E7F8-4B83-A546-81E928025485}.AppStore|Any CPU.ActiveCfg = Debug|Any CPU
		{FE83C454-E7F8-4B83-A546-81E928025485}.AppStore|Any CPU.Build.0 = Debug|Any CPU
		{FE83C454-E7F8-4B83-A546-81E928025485}.AppStore|iPhone.ActiveCfg = Debug|Any CPU
		{FE83C454-E7F8-4B83-A546-81E928025485}.AppStore|iPhone.Build.0 = Debug|Any CPU
		{FE83C454-E7F8-4B83-A546-81E928025485}.AppStore|iPhoneSimulator.ActiveCfg = Debug|Any CPU
		{FE83C454-E7F8-4B83-A546-81E928025485}.AppStore|iPhoneSimulator.Build.0 = Debug|Any CPU
		{FE83C454-E7F8-4B83-A546-81E928025485}.Debug|Any CPU.ActiveCfg = Debug|Any CPU
		{FE83C454-E7F8-4B83-A546-81E928025485}.Debug|Any CPU.Build.0 = Debug|Any CPU
		{FE83C454-E7F8-4B83-A546-81E928025485}.Debug|iPhone.ActiveCfg = Debug|Any CPU
		{FE83C454-E7F8-4B83-A546-81E928025485}.Debug|iPhone.Build.0 = Debug|Any CPU
		{FE83C454-E7F8-4B83-A546-81E928025485}.Debug|iPhoneSimulator.ActiveCfg = Debug|Any CPU
		{FE83C454-E7F8-4B83-A546-81E928025485}.Debug|iPhoneSimulator.Build.0 = Debug|Any CPU
		{FE83C454-E7F8-4B83-A546-81E928025485}.Release|Any CPU.ActiveCfg = Release|Any CPU
		{FE83C454-E7F8-4B83-A546-81E928025485}.Release|Any CPU.Build.0 = Release|Any CPU
		{FE83C454-E7F8-4B83-A546-81E928025485}.Release|iPhone.ActiveCfg = Release|Any CPU
		{FE83C454-E7F8-4B83-A546-81E928025485}.Release|iPhone.Build.0 = Release|Any CPU
		{FE83C454-E7F8-4B83-A546-81E928025485}.Release|iPhoneSimulator.ActiveCfg = Release|Any CPU
		{FE83C454-E7F8-4B83-A546-81E928025485}.Release|iPhoneSimulator.Build.0 = Release|Any CPU
		{EE695FC2-7CC3-4B13-A5FB-4E1E3F269226}.Ad-Hoc|Any CPU.ActiveCfg = Debug|Any CPU
		{EE695FC2-7CC3-4B13-A5FB-4E1E3F269226}.Ad-Hoc|Any CPU.Build.0 = Debug|Any CPU
		{EE695FC2-7CC3-4B13-A5FB-4E1E3F269226}.Ad-Hoc|iPhone.ActiveCfg = Debug|Any CPU
		{EE695FC2-7CC3-4B13-A5FB-4E1E3F269226}.Ad-Hoc|iPhone.Build.0 = Debug|Any CPU
		{EE695FC2-7CC3-4B13-A5FB-4E1E3F269226}.Ad-Hoc|iPhoneSimulator.ActiveCfg = Debug|Any CPU
		{EE695FC2-7CC3-4B13-A5FB-4E1E3F269226}.Ad-Hoc|iPhoneSimulator.Build.0 = Debug|Any CPU
		{EE695FC2-7CC3-4B13-A5FB-4E1E3F269226}.AppStore|Any CPU.ActiveCfg = Debug|Any CPU
		{EE695FC2-7CC3-4B13-A5FB-4E1E3F269226}.AppStore|Any CPU.Build.0 = Debug|Any CPU
		{EE695FC2-7CC3-4B13-A5FB-4E1E3F269226}.AppStore|iPhone.ActiveCfg = Debug|Any CPU
		{EE695FC2-7CC3-4B13-A5FB-4E1E3F269226}.AppStore|iPhone.Build.0 = Debug|Any CPU
		{EE695FC2-7CC3-4B13-A5FB-4E1E3F269226}.AppStore|iPhoneSimulator.ActiveCfg = Debug|Any CPU
		{EE695FC2-7CC3-4B13-A5FB-4E1E3F269226}.AppStore|iPhoneSimulator.Build.0 = Debug|Any CPU
		{EE695FC2-7CC3-4B13-A5FB-4E1E3F269226}.Debug|Any CPU.ActiveCfg = Debug|Any CPU
		{EE695FC2-7CC3-4B13-A5FB-4E1E3F269226}.Debug|Any CPU.Build.0 = Debug|Any CPU
		{EE695FC2-7CC3-4B13-A5FB-4E1E3F269226}.Debug|iPhone.ActiveCfg = Debug|Any CPU
		{EE695FC2-7CC3-4B13-A5FB-4E1E3F269226}.Debug|iPhone.Build.0 = Debug|Any CPU
		{EE695FC2-7CC3-4B13-A5FB-4E1E3F269226}.Debug|iPhoneSimulator.ActiveCfg = Debug|Any CPU
		{EE695FC2-7CC3-4B13-A5FB-4E1E3F269226}.Debug|iPhoneSimulator.Build.0 = Debug|Any CPU
		{EE695FC2-7CC3-4B13-A5FB-4E1E3F269226}.Release|Any CPU.ActiveCfg = Release|Any CPU
		{EE695FC2-7CC3-4B13-A5FB-4E1E3F269226}.Release|Any CPU.Build.0 = Release|Any CPU
		{EE695FC2-7CC3-4B13-A5FB-4E1E3F269226}.Release|iPhone.ActiveCfg = Release|Any CPU
		{EE695FC2-7CC3-4B13-A5FB-4E1E3F269226}.Release|iPhone.Build.0 = Release|Any CPU
		{EE695FC2-7CC3-4B13-A5FB-4E1E3F269226}.Release|iPhoneSimulator.ActiveCfg = Release|Any CPU
		{EE695FC2-7CC3-4B13-A5FB-4E1E3F269226}.Release|iPhoneSimulator.Build.0 = Release|Any CPU
	EndGlobalSection
	GlobalSection(SolutionProperties) = preSolution
		HideSolutionNode = FALSE
	EndGlobalSection
	GlobalSection(ExtensibilityGlobals) = postSolution
		SolutionGuid = {CAFA6437-D1FA-4657-ACDB-C834FAC2B46B}
	EndGlobalSection
	GlobalSection(TeamFoundationVersionControl) = preSolution
		SccNumberOfProjects = 7
		SccEnterpriseProvider = {4CA58AB2-18FA-4F8D-95D4-32DDF27D184C}
		SccTeamFoundationServer = https://dev.azure.com/FXS-Dev
		SccLocalPath0 = .
		SccProjectUniqueName1 = EngagerMobile.Mariteam.ApplicationCore\\EngagerMobile.Mariteam.ApplicationCore.csproj
		SccProjectName1 = EngagerMobile.Mariteam.ApplicationCore
		SccLocalPath1 = EngagerMobile.Mariteam.ApplicationCore
		SccProjectUniqueName2 = EngagerMobile.Mariteam.Common\\EngagerMobile.Mariteam.Common.csproj
		SccProjectName2 = EngagerMobile.Mariteam.Common
		SccLocalPath2 = EngagerMobile.Mariteam.Common
		SccProjectUniqueName3 = EngagerMobile.Mariteam.Services\\EngagerMobile.Mariteam.Services.csproj
		SccProjectName3 = EngagerMobile.Mariteam.Services
		SccLocalPath3 = EngagerMobile.Mariteam.Services
		SccProjectUniqueName4 = EngagerMobile.Mariteam\\EngagerMobile.Mariteam.Android\\EngagerMobile.Mariteam.Android.csproj
		SccProjectName4 = EngagerMobile.Mariteam/EngagerMobile.Mariteam.Android
		SccLocalPath4 = EngagerMobile.Mariteam\\EngagerMobile.Mariteam.Android
		SccProjectUniqueName5 = EngagerMobile.Mariteam\\EngagerMobile.Mariteam.iOS\\EngagerMobile.Mariteam.iOS.csproj
		SccProjectName5 = EngagerMobile.Mariteam/EngagerMobile.Mariteam.iOS
		SccLocalPath5 = EngagerMobile.Mariteam\\EngagerMobile.Mariteam.iOS
		SccProjectUniqueName6 = EngagerMobile.Mariteam\\EngagerMobile.Mariteam\\EngagerMobile.Mariteam.csproj
		SccProjectName6 = EngagerMobile.Mariteam/EngagerMobile.Mariteam
		SccLocalPath6 = EngagerMobile.Mariteam\\EngagerMobile.Mariteam
	EndGlobalSection
EndGlobal
